<?xml version="1.0" encoding="utf-8"?>
<Project ToolsVersion="4.0" xmlns="http://schemas.microsoft.com/developer/msbuild/2003">
  <ItemGroup>
    <Filter Include="Source Files">
      <UniqueIdentifier>{4FC737F1-C7A5-4376-A066-2A32D752A2FF}</UniqueIdentifier>
      <Extensions>cpp;c;cc;cxx;c++;cppm;ixx;def;odl;idl;hpj;bat;asm;asmx</Extensions>
    </Filter>
    <Filter Include="Header Files">
      <UniqueIdentifier>{93995380-89BD-4b04-88EB-625FBE52EBFB}</UniqueIdentifier>
      <Extensions>h;hh;hpp;hxx;h++;hm;inl;inc;ipp;xsd</Extensions>
    </Filter>
    <Filter Include="Resource Files">
      <UniqueIdentifier>{67DA6AB6-F800-4c08-8B7A-83BB121AAD01}</UniqueIdentifier>
      <Extensions>rc;ico;cur;bmp;dlg;rc2;rct;bin;rgs;gif;jpg;jpeg;jpe;resx;tiff;tif;png;wav;mfcribbon-ms</Extensions>
    </Filter>
    <Filter Include="Header Files\Buttons">
      <UniqueIdentifier>{723d4e75-7793-4ddf-a023-ed6b9c5ec5a7}</UniqueIdentifier>
    </Filter>
    <Filter Include="Header Files\Colors">
      <UniqueIdentifier>{92329e32-c298-4612-a624-9a36aa7ed6ef}</UniqueIdentifier>
    </Filter>
    <Filter Include="Header Files\Leds">
      <UniqueIdentifier>{f7568e98-ef08-4a67-9030-c8bd47d19a7f}</UniqueIdentifier>
    </Filter>
    <Filter Include="Header Files\Log">
      <UniqueIdentifier>{dad6051f-8e41-4dbe-aa5c-b6c72b3a1a35}</UniqueIdentifier>
    </Filter>
    <Filter Include="Header Files\Memory">
      <UniqueIdentifier>{f0ab29bb-250c-4865-9d43-51752bf00dd2}</UniqueIdentifier>
    </Filter>
    <Filter Include="Header Files\Menus">
      <UniqueIdentifier>{ffa5b130-aa90-4320-b1ac-d1765aef5efd}</UniqueIdentifier>
    </Filter>
    <Filter Include="Header Files\Menus\MenuList">
      <UniqueIdentifier>{8c7f64e8-bb6c-424b-a79b-d270f45a0f77}</UniqueIdentifier>
    </Filter>
    <Filter Include="Header Files\Modes">
      <UniqueIdentifier>{1f458ae0-5e6d-400d-a78f-56759e57634c}</UniqueIdentifier>
    </Filter>
    <Filter Include="Header Files\VortexLib">
      <UniqueIdentifier>{31ae384b-702f-4482-8604-da0bf228986b}</UniqueIdentifier>
    </Filter>
    <Filter Include="Header Files\Patterns">
      <UniqueIdentifier>{f31fc02b-3d25-4b05-be83-c18738f075f9}</UniqueIdentifier>
    </Filter>
    <Filter Include="Header Files\Patterns\Multi">
      <UniqueIdentifier>{7d160b3e-54b5-46cc-964e-29df55b17c89}</UniqueIdentifier>
    </Filter>
    <Filter Include="Header Files\Patterns\Multi\Sequencer">
      <UniqueIdentifier>{430915e2-2790-49e0-a869-2f0f765cc74f}</UniqueIdentifier>
    </Filter>
    <Filter Include="Header Files\Patterns\Single">
      <UniqueIdentifier>{3ef98a11-0ff7-4870-acca-19936e477c79}</UniqueIdentifier>
    </Filter>
    <Filter Include="Header Files\Serial">
      <UniqueIdentifier>{4fea9a6b-d677-4ab8-9a32-6fa6bcec417b}</UniqueIdentifier>
    </Filter>
    <Filter Include="Header Files\Storage">
      <UniqueIdentifier>{c80ded34-ceec-4870-95b6-9a3a490c0cbb}</UniqueIdentifier>
    </Filter>
    <Filter Include="Header Files\Time">
      <UniqueIdentifier>{52113650-a9a6-4755-ae02-6045a6fbfb7d}</UniqueIdentifier>
    </Filter>
    <Filter Include="Source Files\Buttons">
      <UniqueIdentifier>{b878b78c-9b07-4231-b8bc-b5165a3af808}</UniqueIdentifier>
    </Filter>
    <Filter Include="Source Files\Colors">
      <UniqueIdentifier>{985fa140-8070-4c8e-8ee3-30cd004f8280}</UniqueIdentifier>
    </Filter>
    <Filter Include="Source Files\Leds">
      <UniqueIdentifier>{7b92d454-723f-461a-8bcf-22ae6a4db4ef}</UniqueIdentifier>
    </Filter>
    <Filter Include="Source Files\Log">
      <UniqueIdentifier>{8fe62505-d16d-4703-b4cd-73c9cd8e7e1b}</UniqueIdentifier>
    </Filter>
    <Filter Include="Source Files\Memory">
      <UniqueIdentifier>{31512464-93e9-4b03-8324-eadb2e6f01dd}</UniqueIdentifier>
    </Filter>
    <Filter Include="Source Files\Menus">
      <UniqueIdentifier>{61739a3a-8b8e-42f5-a221-ff73fed28a69}</UniqueIdentifier>
    </Filter>
    <Filter Include="Source Files\Menus\MenuList">
      <UniqueIdentifier>{2e1efd1c-8c41-46ed-a112-cb749c6adc2c}</UniqueIdentifier>
    </Filter>
    <Filter Include="Source Files\Modes">
      <UniqueIdentifier>{09bfdf79-8025-4de8-af42-a04e2b88f4c0}</UniqueIdentifier>
    </Filter>
    <Filter Include="Source Files\VortexLib">
      <UniqueIdentifier>{e66b31b4-84ff-40fb-9cac-1f550b5fb41b}</UniqueIdentifier>
    </Filter>
    <Filter Include="Source Files\Patterns">
      <UniqueIdentifier>{a6867a20-62de-46d8-8fbf-9216953d359e}</UniqueIdentifier>
    </Filter>
    <Filter Include="Source Files\Patterns\Multi">
      <UniqueIdentifier>{01272c29-3fcc-4432-bc7d-284dd2b02597}</UniqueIdentifier>
    </Filter>
    <Filter Include="Source Files\Patterns\Multi\Sequencer">
      <UniqueIdentifier>{7e5dbc20-95d7-4778-850a-c4df515a9b78}</UniqueIdentifier>
    </Filter>
    <Filter Include="Source Files\Patterns\Single">
      <UniqueIdentifier>{f903f874-ed0f-4fa1-9c4a-333a904961cc}</UniqueIdentifier>
    </Filter>
    <Filter Include="Source Files\Serial">
      <UniqueIdentifier>{44def772-ccdf-4688-8608-66189d00c7ed}</UniqueIdentifier>
    </Filter>
    <Filter Include="Source Files\Storage">
      <UniqueIdentifier>{b17c26fd-c4bf-402e-ad19-e33f5ed1adc4}</UniqueIdentifier>
    </Filter>
    <Filter Include="Source Files\Time">
      <UniqueIdentifier>{5a6af467-4127-41b8-aad8-449d45a128da}</UniqueIdentifier>
    </Filter>
    <Filter Include="Header Files\VortexLib\EngineDependencies">
      <UniqueIdentifier>{c3a8c145-00b1-4f3a-885d-92b432c4fe93}</UniqueIdentifier>
    </Filter>
    <Filter Include="Source Files\VortexLib\EngineDependencies">
      <UniqueIdentifier>{0f3464ce-ff50-455a-b16c-7f86e6eb52c0}</UniqueIdentifier>
    </Filter>
    <Filter Include="Source Files\Random">
      <UniqueIdentifier>{44457553-3b97-4708-904c-8f36dbcbcc92}</UniqueIdentifier>
    </Filter>
    <Filter Include="Header Files\Random">
      <UniqueIdentifier>{3cbbe587-ec8b-4902-9fe7-e7277e5e6b69}</UniqueIdentifier>
    </Filter>
    <Filter Include="Header Files\Wireless">
      <UniqueIdentifier>{1ca998e7-1201-4502-bfc4-f044bcb4ad43}</UniqueIdentifier>
    </Filter>
    <Filter Include="Source Files\Wireless">
      <UniqueIdentifier>{53027bd8-836b-491d-9b40-25ea0061bce9}</UniqueIdentifier>
    </Filter>
    <Filter Include="Source Files\UPDI">
      <UniqueIdentifier>{358f1fe9-69d8-4d92-8e1f-a7a448f525ba}</UniqueIdentifier>
    </Filter>
    <Filter Include="Header Files\UPDI">
      <UniqueIdentifier>{37d407a1-9a53-43a6-894d-6df585846653}</UniqueIdentifier>
    </Filter>
  </ItemGroup>
  <ItemGroup>
    <ClCompile Include="src\VortexEngine.cpp">
      <Filter>Source Files</Filter>
    </ClCompile>
    <ClCompile Include="src\Buttons\Button.cpp">
      <Filter>Source Files\Buttons</Filter>
    </ClCompile>
    <ClCompile Include="src\Buttons\Buttons.cpp">
      <Filter>Source Files\Buttons</Filter>
    </ClCompile>
    <ClCompile Include="src\Colors\Colorset.cpp">
      <Filter>Source Files\Colors</Filter>
    </ClCompile>
    <ClCompile Include="src\Colors\ColorTypes.cpp">
      <Filter>Source Files\Colors</Filter>
    </ClCompile>
    <ClCompile Include="src\Wireless\IRReceiver.cpp">
      <Filter>Source Files\Wireless</Filter>
    </ClCompile>
    <ClCompile Include="src\Wireless\IRSender.cpp">
      <Filter>Source Files\Wireless</Filter>
    </ClCompile>
    <ClCompile Include="src\Leds\Leds.cpp">
      <Filter>Source Files\Leds</Filter>
    </ClCompile>
    <ClCompile Include="src\Leds\LedStash.cpp">
      <Filter>Source Files\Leds</Filter>
    </ClCompile>
    <ClCompile Include="src\Log\Log.cpp">
      <Filter>Source Files\Log</Filter>
    </ClCompile>
    <ClCompile Include="src\Memory\Memory.cpp">
      <Filter>Source Files\Memory</Filter>
    </ClCompile>
    <ClCompile Include="src\Menus\MenuList\ColorSelect.cpp">
      <Filter>Source Files\Menus\MenuList</Filter>
    </ClCompile>
    <ClCompile Include="src\Menus\MenuList\EditorConnection.cpp">
      <Filter>Source Files\Menus\MenuList</Filter>
    </ClCompile>
    <ClCompile Include="src\Menus\MenuList\FactoryReset.cpp">
      <Filter>Source Files\Menus\MenuList</Filter>
    </ClCompile>
    <ClCompile Include="src\Menus\MenuList\GlobalBrightness.cpp">
      <Filter>Source Files\Menus\MenuList</Filter>
    </ClCompile>
    <ClCompile Include="src\Menus\MenuList\ModeSharing.cpp">
      <Filter>Source Files\Menus\MenuList</Filter>
    </ClCompile>
    <ClCompile Include="src\Menus\MenuList\PatternSelect.cpp">
      <Filter>Source Files\Menus\MenuList</Filter>
    </ClCompile>
    <ClCompile Include="src\Menus\MenuList\Randomizer.cpp">
      <Filter>Source Files\Menus\MenuList</Filter>
    </ClCompile>
    <ClCompile Include="src\Menus\Menu.cpp">
      <Filter>Source Files\Menus</Filter>
    </ClCompile>
    <ClCompile Include="src\Menus\Menus.cpp">
      <Filter>Source Files\Menus</Filter>
    </ClCompile>
    <ClCompile Include="src\Modes\DefaultModes.cpp">
      <Filter>Source Files\Modes</Filter>
    </ClCompile>
    <ClCompile Include="src\Modes\Mode.cpp">
      <Filter>Source Files\Modes</Filter>
    </ClCompile>
    <ClCompile Include="src\Modes\Modes.cpp">
      <Filter>Source Files\Modes</Filter>
    </ClCompile>
    <ClCompile Include="src\Patterns\Multi\Sequencer\ChaserPattern.cpp">
      <Filter>Source Files\Patterns\Multi\Sequencer</Filter>
    </ClCompile>
    <ClCompile Include="src\Patterns\Multi\Sequencer\Sequence.cpp">
      <Filter>Source Files\Patterns\Multi\Sequencer</Filter>
    </ClCompile>
    <ClCompile Include="src\Patterns\Multi\Sequencer\SequencedPattern.cpp">
      <Filter>Source Files\Patterns\Multi\Sequencer</Filter>
    </ClCompile>
    <ClCompile Include="src\Patterns\Multi\BackStrobePattern.cpp">
      <Filter>Source Files\Patterns\Multi</Filter>
    </ClCompile>
    <ClCompile Include="src\Patterns\Multi\BlinkStepPattern.cpp">
      <Filter>Source Files\Patterns\Multi</Filter>
    </ClCompile>
    <ClCompile Include="src\Patterns\Multi\BouncePattern.cpp">
      <Filter>Source Files\Patterns\Multi</Filter>
    </ClCompile>
    <ClCompile Include="src\Patterns\Multi\CrossDopsPattern.cpp">
      <Filter>Source Files\Patterns\Multi</Filter>
    </ClCompile>
    <ClCompile Include="src\Patterns\Multi\DoubleStrobePattern.cpp">
      <Filter>Source Files\Patterns\Multi</Filter>
    </ClCompile>
    <ClCompile Include="src\Patterns\Multi\DripMorphPattern.cpp">
      <Filter>Source Files\Patterns\Multi</Filter>
    </ClCompile>
    <ClCompile Include="src\Patterns\Multi\DripPattern.cpp">
      <Filter>Source Files\Patterns\Multi</Filter>
    </ClCompile>
    <ClCompile Include="src\Patterns\Multi\FillPattern.cpp">
      <Filter>Source Files\Patterns\Multi</Filter>
    </ClCompile>
    <ClCompile Include="src\Patterns\Multi\HueShiftPattern.cpp">
      <Filter>Source Files\Patterns\Multi</Filter>
    </ClCompile>
    <ClCompile Include="src\Patterns\Multi\CompoundPattern.cpp">
      <Filter>Source Files\Patterns\Multi</Filter>
    </ClCompile>
    <ClCompile Include="src\Patterns\Multi\LighthousePattern.cpp">
      <Filter>Source Files\Patterns\Multi</Filter>
    </ClCompile>
    <ClCompile Include="src\Patterns\Multi\VortexPattern.cpp">
      <Filter>Source Files\Patterns\Multi</Filter>
    </ClCompile>
    <ClCompile Include="src\Patterns\Multi\MeteorPattern.cpp">
      <Filter>Source Files\Patterns\Multi</Filter>
    </ClCompile>
    <ClCompile Include="src\Patterns\Multi\MultiLedPattern.cpp">
      <Filter>Source Files\Patterns\Multi</Filter>
    </ClCompile>
    <ClCompile Include="src\Patterns\Multi\PulsishPattern.cpp">
      <Filter>Source Files\Patterns\Multi</Filter>
    </ClCompile>
    <ClCompile Include="src\Patterns\Multi\SnowballPattern.cpp">
      <Filter>Source Files\Patterns\Multi</Filter>
    </ClCompile>
    <ClCompile Include="src\Patterns\Multi\SparkleTracePattern.cpp">
      <Filter>Source Files\Patterns\Multi</Filter>
    </ClCompile>
    <ClCompile Include="src\Patterns\Multi\TheaterChasePattern.cpp">
      <Filter>Source Files\Patterns\Multi</Filter>
    </ClCompile>
    <ClCompile Include="src\Patterns\Multi\VortexWipePattern.cpp">
      <Filter>Source Files\Patterns\Multi</Filter>
    </ClCompile>
    <ClCompile Include="src\Patterns\Multi\WarpPattern.cpp">
      <Filter>Source Files\Patterns\Multi</Filter>
    </ClCompile>
    <ClCompile Include="src\Patterns\Multi\WarpWormPattern.cpp">
      <Filter>Source Files\Patterns\Multi</Filter>
    </ClCompile>
    <ClCompile Include="src\Patterns\Multi\ZigzagPattern.cpp">
      <Filter>Source Files\Patterns\Multi</Filter>
    </ClCompile>
    <ClCompile Include="src\Patterns\Single\BasicPattern.cpp">
      <Filter>Source Files\Patterns\Single</Filter>
    </ClCompile>
    <ClCompile Include="src\Patterns\Single\BlendPattern.cpp">
      <Filter>Source Files\Patterns\Single</Filter>
    </ClCompile>
    <ClCompile Include="src\Patterns\Single\SingleLedPattern.cpp">
      <Filter>Source Files\Patterns\Single</Filter>
    </ClCompile>
    <ClCompile Include="src\Patterns\Single\SolidPattern.cpp">
      <Filter>Source Files\Patterns\Single</Filter>
    </ClCompile>
    <ClCompile Include="src\Patterns\Pattern.cpp">
      <Filter>Source Files\Patterns\Single</Filter>
    </ClCompile>
    <ClCompile Include="src\Patterns\PatternArgs.cpp">
      <Filter>Source Files\Patterns</Filter>
    </ClCompile>
    <ClCompile Include="src\Patterns\PatternBuilder.cpp">
      <Filter>Source Files\Patterns</Filter>
    </ClCompile>
    <ClCompile Include="src\Serial\BitStream.cpp">
      <Filter>Source Files\Serial</Filter>
    </ClCompile>
    <ClCompile Include="src\Serial\ByteStream.cpp">
      <Filter>Source Files\Serial</Filter>
    </ClCompile>
    <ClCompile Include="src\Serial\Compression.cpp">
      <Filter>Source Files\Serial</Filter>
    </ClCompile>
    <ClCompile Include="src\Serial\Serial.cpp">
      <Filter>Source Files\Serial</Filter>
    </ClCompile>
    <ClCompile Include="src\Storage\Storage.cpp">
      <Filter>Source Files\Storage</Filter>
    </ClCompile>
    <ClCompile Include="src\Time\TimeControl.cpp">
      <Filter>Source Files\Time</Filter>
    </ClCompile>
    <ClCompile Include="src\Time\Timer.cpp">
      <Filter>Source Files\Time</Filter>
    </ClCompile>
    <ClCompile Include="VortexLib\VortexLib.cpp">
      <Filter>Source Files\VortexLib</Filter>
    </ClCompile>
    <ClCompile Include="src\Random\Random.cpp">
      <Filter>Source Files\Random</Filter>
    </ClCompile>
    <ClCompile Include="src\Wireless\VLReceiver.cpp">
      <Filter>Source Files\Wireless</Filter>
    </ClCompile>
    <ClCompile Include="src\Wireless\VLSender.cpp">
      <Filter>Source Files\Wireless</Filter>
    </ClCompile>
    <ClCompile Include="src\Menus\MainMenu.cpp">
      <Filter>Source Files\Menus</Filter>
    </ClCompile>
    <ClCompile Include="src\UPDI\updi.cpp">
      <Filter>Source Files</Filter>
    </ClCompile>
    <ClCompile Include="src\Modes\DuoDefaultModes.cpp">
      <Filter>Source Files</Filter>
    </ClCompile>
  </ItemGroup>
  <ItemGroup>
    <ClInclude Include="src\VortexConfig.h">
      <Filter>Header Files</Filter>
    </ClInclude>
    <ClInclude Include="src\VortexEngine.h">
      <Filter>Header Files</Filter>
    </ClInclude>
    <ClInclude Include="src\Buttons\Buttons.h">
      <Filter>Header Files\Buttons</Filter>
    </ClInclude>
    <ClInclude Include="src\Buttons\Button.h">
      <Filter>Header Files\Buttons</Filter>
    </ClInclude>
    <ClInclude Include="src\Colors\Colorset.h">
      <Filter>Header Files\Colors</Filter>
    </ClInclude>
    <ClInclude Include="src\Colors\ColorTypes.h">
      <Filter>Header Files\Colors</Filter>
    </ClInclude>
    <ClInclude Include="src\Wireless\IRConfig.h">
      <Filter>Header Files\Wireless</Filter>
    </ClInclude>
    <ClInclude Include="src\Wireless\IRReceiver.h">
      <Filter>Header Files\Wireless</Filter>
    </ClInclude>
    <ClInclude Include="src\Wireless\IRSender.h">
      <Filter>Header Files\Wireless</Filter>
    </ClInclude>
    <ClInclude Include="src\Leds\Leds.h">
      <Filter>Header Files\Leds</Filter>
    </ClInclude>
    <ClInclude Include="src\Leds\LedStash.h">
      <Filter>Header Files\Leds</Filter>
    </ClInclude>
    <ClInclude Include="src\Leds\LedTypes.h">
      <Filter>Header Files\Leds</Filter>
    </ClInclude>
    <ClInclude Include="src\Log\Log.h">
      <Filter>Header Files\Log</Filter>
    </ClInclude>
    <ClInclude Include="src\Memory\Memory.h">
      <Filter>Header Files\Memory</Filter>
    </ClInclude>
    <ClInclude Include="src\Menus\MenuList\ColorSelect.h">
      <Filter>Header Files\Menus\MenuList</Filter>
    </ClInclude>
    <ClInclude Include="src\Menus\MenuList\EditorConnection.h">
      <Filter>Header Files\Menus\MenuList</Filter>
    </ClInclude>
    <ClInclude Include="src\Menus\MenuList\FactoryReset.h">
      <Filter>Header Files\Menus\MenuList</Filter>
    </ClInclude>
    <ClInclude Include="src\Menus\MenuList\GlobalBrightness.h">
      <Filter>Header Files\Menus\MenuList</Filter>
    </ClInclude>
    <ClInclude Include="src\Menus\MenuList\ModeSharing.h">
      <Filter>Header Files\Menus\MenuList</Filter>
    </ClInclude>
    <ClInclude Include="src\Menus\MenuList\PatternSelect.h">
      <Filter>Header Files\Menus\MenuList</Filter>
    </ClInclude>
    <ClInclude Include="src\Menus\MenuList\Randomizer.h">
      <Filter>Header Files\Menus\MenuList</Filter>
    </ClInclude>
    <ClInclude Include="src\Menus\Menu.h">
      <Filter>Header Files\Menus</Filter>
    </ClInclude>
    <ClInclude Include="src\Menus\Menus.h">
      <Filter>Header Files\Menus</Filter>
    </ClInclude>
    <ClInclude Include="src\Modes\DefaultModes.h">
      <Filter>Header Files\Modes</Filter>
    </ClInclude>
    <ClInclude Include="src\Modes\Mode.h">
      <Filter>Header Files\Modes</Filter>
    </ClInclude>
    <ClInclude Include="src\Modes\Modes.h">
      <Filter>Header Files\Modes</Filter>
    </ClInclude>
    <ClInclude Include="src\Patterns\Multi\Sequencer\ChaserPattern.h">
      <Filter>Header Files\Patterns\Multi\Sequencer</Filter>
    </ClInclude>
    <ClInclude Include="src\Patterns\Multi\Sequencer\Sequence.h">
      <Filter>Header Files\Patterns\Multi\Sequencer</Filter>
    </ClInclude>
    <ClInclude Include="src\Patterns\Multi\Sequencer\SequencedPattern.h">
      <Filter>Header Files\Patterns\Multi\Sequencer</Filter>
    </ClInclude>
    <ClInclude Include="src\Patterns\Multi\BackStrobePattern.h">
      <Filter>Header Files\Patterns\Multi</Filter>
    </ClInclude>
    <ClInclude Include="src\Patterns\Multi\BlinkStepPattern.h">
      <Filter>Header Files\Patterns\Multi</Filter>
    </ClInclude>
    <ClInclude Include="src\Patterns\Multi\BouncePattern.h">
      <Filter>Header Files\Patterns\Multi</Filter>
    </ClInclude>
    <ClInclude Include="src\Patterns\Multi\CrossDopsPattern.h">
      <Filter>Header Files\Patterns\Multi</Filter>
    </ClInclude>
    <ClInclude Include="src\Patterns\Multi\DoubleStrobePattern.h">
      <Filter>Header Files\Patterns\Multi</Filter>
    </ClInclude>
    <ClInclude Include="src\Patterns\Multi\DripMorphPattern.h">
      <Filter>Header Files\Patterns\Multi</Filter>
    </ClInclude>
    <ClInclude Include="src\Patterns\Multi\DripPattern.h">
      <Filter>Header Files\Patterns\Multi</Filter>
    </ClInclude>
    <ClInclude Include="src\Patterns\Multi\FillPattern.h">
      <Filter>Header Files\Patterns\Multi</Filter>
    </ClInclude>
    <ClInclude Include="src\Patterns\Multi\HueShiftPattern.h">
      <Filter>Header Files\Patterns\Multi</Filter>
    </ClInclude>
    <ClInclude Include="src\Patterns\Multi\CompoundPattern.h">
      <Filter>Header Files\Patterns\Multi</Filter>
    </ClInclude>
    <ClInclude Include="src\Patterns\Multi\LighthousePattern.h">
      <Filter>Header Files\Patterns\Multi</Filter>
    </ClInclude>
    <ClInclude Include="src\Patterns\Multi\VortexPattern.h">
      <Filter>Header Files\Patterns\Multi</Filter>
    </ClInclude>
    <ClInclude Include="src\Patterns\Multi\MeteorPattern.h">
      <Filter>Header Files\Patterns\Multi</Filter>
    </ClInclude>
    <ClInclude Include="src\Patterns\Multi\MultiLedPattern.h">
      <Filter>Header Files\Patterns\Multi</Filter>
    </ClInclude>
    <ClInclude Include="src\Patterns\Multi\PulsishPattern.h">
      <Filter>Header Files\Patterns\Multi</Filter>
    </ClInclude>
    <ClInclude Include="src\Patterns\Multi\SnowballPattern.h">
      <Filter>Header Files\Patterns\Multi</Filter>
    </ClInclude>
    <ClInclude Include="src\Patterns\Multi\SparkleTracePattern.h">
      <Filter>Header Files\Patterns\Multi</Filter>
    </ClInclude>
    <ClInclude Include="src\Patterns\Multi\TheaterChasePattern.h">
      <Filter>Header Files\Patterns\Multi</Filter>
    </ClInclude>
    <ClInclude Include="src\Patterns\Multi\VortexWipePattern.h">
      <Filter>Header Files\Patterns\Multi</Filter>
    </ClInclude>
    <ClInclude Include="src\Patterns\Multi\WarpPattern.h">
      <Filter>Header Files\Patterns\Multi</Filter>
    </ClInclude>
    <ClInclude Include="src\Patterns\Multi\WarpWormPattern.h">
      <Filter>Header Files\Patterns\Multi</Filter>
    </ClInclude>
    <ClInclude Include="src\Patterns\Multi\ZigzagPattern.h">
      <Filter>Header Files\Patterns\Multi</Filter>
    </ClInclude>
    <ClInclude Include="src\Patterns\Single\BasicPattern.h">
      <Filter>Header Files\Patterns\Single</Filter>
    </ClInclude>
    <ClInclude Include="src\Patterns\Single\BlendPattern.h">
      <Filter>Header Files\Patterns\Single</Filter>
    </ClInclude>
    <ClInclude Include="src\Patterns\Single\SingleLedPattern.h">
      <Filter>Header Files\Patterns\Single</Filter>
    </ClInclude>
    <ClInclude Include="src\Patterns\Single\SolidPattern.h">
      <Filter>Header Files\Patterns\Single</Filter>
    </ClInclude>
    <ClInclude Include="src\Patterns\Pattern.h">
      <Filter>Header Files\Patterns</Filter>
    </ClInclude>
    <ClInclude Include="src\Patterns\Patterns.h">
      <Filter>Header Files\Patterns</Filter>
    </ClInclude>
    <ClInclude Include="src\Patterns\PatternArgs.h">
      <Filter>Header Files\Patterns</Filter>
    </ClInclude>
    <ClInclude Include="src\Patterns\PatternBuilder.h">
      <Filter>Header Files\Patterns</Filter>
    </ClInclude>
    <ClInclude Include="src\Serial\BitStream.h">
      <Filter>Header Files\Serial</Filter>
    </ClInclude>
    <ClInclude Include="src\Serial\ByteStream.h">
      <Filter>Header Files\Serial</Filter>
    </ClInclude>
    <ClInclude Include="src\Serial\Compression.h">
      <Filter>Header Files\Serial</Filter>
    </ClInclude>
    <ClInclude Include="src\Serial\Serial.h">
      <Filter>Header Files\Serial</Filter>
    </ClInclude>
    <ClInclude Include="src\Storage\Storage.h">
      <Filter>Header Files\Storage</Filter>
    </ClInclude>
    <ClInclude Include="src\Time\TimeControl.h">
      <Filter>Header Files\Time</Filter>
    </ClInclude>
    <ClInclude Include="src\Time\Timer.h">
      <Filter>Header Files\Time</Filter>
    </ClInclude>
    <ClInclude Include="src\Time\Timings.h">
      <Filter>Header Files\Time</Filter>
    </ClInclude>
    <ClInclude Include="VortexLib\VortexLib.h">
      <Filter>Header Files\VortexLib</Filter>
    </ClInclude>
    <ClInclude Include="src\Random\Random.h">
      <Filter>Header Files\Random</Filter>
    </ClInclude>
    <ClInclude Include="VortexLib\json.hpp">
      <Filter>Header Files\VortexLib</Filter>
    </ClInclude>
    <ClInclude Include="src\Colors\ColorConstants.h">
      <Filter>Header Files\Colors</Filter>
    </ClInclude>
    <ClInclude Include="src\Wireless\VLConfig.h">
      <Filter>Header Files\Wireless</Filter>
    </ClInclude>
    <ClInclude Include="src\Wireless\VLReceiver.h">
      <Filter>Header Files\Wireless</Filter>
    </ClInclude>
    <ClInclude Include="src\Wireless\VLSender.h">
      <Filter>Header Files\Wireless</Filter>
    </ClInclude>
    <ClInclude Include="src\Menus\MainMenu.h">
      <Filter>Header Files\Menus</Filter>
    </ClInclude>
    <ClInclude Include="src\UPDI\updi.h">
      <Filter>Header Files</Filter>
    </ClInclude>
    <ClInclude Include="src\Modes\DuoDefaultModes.h">
      <Filter>Header Files</Filter>
    </ClInclude>
  </ItemGroup>
</Project>