<?xml version="1.0" encoding="utf-8"?>
<Project ToolsVersion="4.0" xmlns="http://schemas.microsoft.com/developer/msbuild/2003">
  <ItemGroup>
    <Filter Include="Source Files">
      <UniqueIdentifier>{4FC737F1-C7A5-4376-A066-2A32D752A2FF}</UniqueIdentifier>
      <Extensions>cpp;c;cc;cxx;c++;cppm;ixx;def;odl;idl;hpj;bat;asm;asmx</Extensions>
    </Filter>
    <Filter Include="Header Files">
      <UniqueIdentifier>{93995380-89BD-4b04-88EB-625FBE52EBFB}</UniqueIdentifier>
      <Extensions>h;hh;hpp;hxx;h++;hm;inl;inc;ipp;xsd</Extensions>
    </Filter>
    <Filter Include="Resource Files">
      <UniqueIdentifier>{67DA6AB6-F800-4c08-8B7A-83BB121AAD01}</UniqueIdentifier>
      <Extensions>rc;ico;cur;bmp;dlg;rc2;rct;bin;rgs;gif;jpg;jpeg;jpe;resx;tiff;tif;png;wav;mfcribbon-ms</Extensions>
    </Filter>
  </ItemGroup>
  <ItemGroup>
    <ClCompile Include="src\Buttons\Button.cpp">
      <Filter>Source Files</Filter>
    </ClCompile>
    <ClCompile Include="src\Buttons\Buttons.cpp">
      <Filter>Source Files</Filter>
    </ClCompile>
    <ClCompile Include="src\Colors\Colorset.cpp">
      <Filter>Source Files</Filter>
    </ClCompile>
    <ClCompile Include="src\Colors\ColorTypes.cpp">
      <Filter>Source Files</Filter>
    </ClCompile>
    <ClCompile Include="src\Infrared\IRReceiver.cpp">
      <Filter>Source Files</Filter>
    </ClCompile>
    <ClCompile Include="src\Infrared\IRSender.cpp">
      <Filter>Source Files</Filter>
    </ClCompile>
    <ClCompile Include="src\Leds\Leds.cpp">
      <Filter>Source Files</Filter>
    </ClCompile>
    <ClCompile Include="src\Leds\LedStash.cpp">
      <Filter>Source Files</Filter>
    </ClCompile>
    <ClCompile Include="src\Log\Log.cpp">
      <Filter>Source Files</Filter>
    </ClCompile>
    <ClCompile Include="src\Memory\Memory.cpp">
      <Filter>Source Files</Filter>
    </ClCompile>
    <ClCompile Include="src\Menus\MenuList\ColorSelect.cpp">
      <Filter>Source Files</Filter>
    </ClCompile>
    <ClCompile Include="src\Menus\MenuList\EditorConnection.cpp">
      <Filter>Source Files</Filter>
    </ClCompile>
    <ClCompile Include="src\Menus\MenuList\FactoryReset.cpp">
      <Filter>Source Files</Filter>
    </ClCompile>
    <ClCompile Include="src\Menus\MenuList\GlobalBrightness.cpp">
      <Filter>Source Files</Filter>
    </ClCompile>
    <ClCompile Include="src\Menus\MenuList\ModeSharing.cpp">
      <Filter>Source Files</Filter>
    </ClCompile>
    <ClCompile Include="src\Menus\MenuList\PatternSelect.cpp">
      <Filter>Source Files</Filter>
    </ClCompile>
    <ClCompile Include="src\Menus\MenuList\Randomizer.cpp">
      <Filter>Source Files</Filter>
    </ClCompile>
    <ClCompile Include="src\Menus\Menu.cpp">
      <Filter>Source Files</Filter>
    </ClCompile>
    <ClCompile Include="src\Menus\Menus.cpp">
      <Filter>Source Files</Filter>
    </ClCompile>
    <ClCompile Include="src\Modes\DefaultModes.cpp">
      <Filter>Source Files</Filter>
    </ClCompile>
    <ClCompile Include="src\Modes\Mode.cpp">
      <Filter>Source Files</Filter>
    </ClCompile>
    <ClCompile Include="src\Modes\Modes.cpp">
      <Filter>Source Files</Filter>
    </ClCompile>
    <ClCompile Include="src\Patterns\Multi\Sequencer\ChaserPattern.cpp">
      <Filter>Source Files</Filter>
    </ClCompile>
    <ClCompile Include="src\Patterns\Multi\Sequencer\Sequence.cpp">
      <Filter>Source Files</Filter>
    </ClCompile>
    <ClCompile Include="src\Patterns\Multi\Sequencer\SequencedPattern.cpp">
      <Filter>Source Files</Filter>
    </ClCompile>
    <ClCompile Include="src\Patterns\Multi\BackStrobePattern.cpp">
      <Filter>Source Files</Filter>
    </ClCompile>
    <ClCompile Include="src\Patterns\Multi\BlinkStepPattern.cpp">
      <Filter>Source Files</Filter>
    </ClCompile>
    <ClCompile Include="src\Patterns\Multi\BouncePattern.cpp">
      <Filter>Source Files</Filter>
    </ClCompile>
    <ClCompile Include="src\Patterns\Multi\CrossDopsPattern.cpp">
      <Filter>Source Files</Filter>
    </ClCompile>
    <ClCompile Include="src\Patterns\Multi\DoubleStrobePattern.cpp">
      <Filter>Source Files</Filter>
    </ClCompile>
    <ClCompile Include="src\Patterns\Multi\DripMorphPattern.cpp">
      <Filter>Source Files</Filter>
    </ClCompile>
    <ClCompile Include="src\Patterns\Multi\DripPattern.cpp">
      <Filter>Source Files</Filter>
    </ClCompile>
    <ClCompile Include="src\Patterns\Multi\FillPattern.cpp">
      <Filter>Source Files</Filter>
    </ClCompile>
    <ClCompile Include="src\Patterns\Multi\FlowersPattern.cpp">
      <Filter>Source Files</Filter>
    </ClCompile>
    <ClCompile Include="src\Patterns\Multi\HueShiftPattern.cpp">
      <Filter>Source Files</Filter>
    </ClCompile>
    <ClCompile Include="src\Patterns\Multi\HybridPattern.cpp">
      <Filter>Source Files</Filter>
    </ClCompile>
    <ClCompile Include="src\Patterns\Multi\ImpactPattern.cpp">
      <Filter>Source Files</Filter>
    </ClCompile>
    <ClCompile Include="src\Patterns\Multi\JestPattern.cpp">
      <Filter>Source Files</Filter>
    </ClCompile>
    <ClCompile Include="src\Patterns\Multi\LighthousePattern.cpp">
      <Filter>Source Files</Filter>
    </ClCompile>
    <ClCompile Include="src\Patterns\Multi\MateriaPattern.cpp">
      <Filter>Source Files</Filter>
    </ClCompile>
    <ClCompile Include="src\Patterns\Multi\MeteorPattern.cpp">
      <Filter>Source Files</Filter>
    </ClCompile>
    <ClCompile Include="src\Patterns\Multi\MultiLedPattern.cpp">
      <Filter>Source Files</Filter>
    </ClCompile>
    <ClCompile Include="src\Patterns\Multi\PulsishPattern.cpp">
      <Filter>Source Files</Filter>
    </ClCompile>
    <ClCompile Include="src\Patterns\Multi\RabbitPattern.cpp">
      <Filter>Source Files</Filter>
    </ClCompile>
    <ClCompile Include="src\Patterns\Multi\SnowballPattern.cpp">
      <Filter>Source Files</Filter>
    </ClCompile>
    <ClCompile Include="src\Patterns\Multi\SparkleTracePattern.cpp">
      <Filter>Source Files</Filter>
    </ClCompile>
    <ClCompile Include="src\Patterns\Multi\SplitStrobiePattern.cpp">
      <Filter>Source Files</Filter>
    </ClCompile>
    <ClCompile Include="src\Patterns\Multi\TheaterChasePattern.cpp">
      <Filter>Source Files</Filter>
    </ClCompile>
    <ClCompile Include="src\Patterns\Multi\TipTopPattern.cpp">
      <Filter>Source Files</Filter>
    </ClCompile>
    <ClCompile Include="src\Patterns\Multi\VortexWipePattern.cpp">
      <Filter>Source Files</Filter>
    </ClCompile>
    <ClCompile Include="src\Patterns\Multi\WarpPattern.cpp">
      <Filter>Source Files</Filter>
    </ClCompile>
    <ClCompile Include="src\Patterns\Multi\WarpWormPattern.cpp">
      <Filter>Source Files</Filter>
    </ClCompile>
    <ClCompile Include="src\Patterns\Multi\ZigzagPattern.cpp">
      <Filter>Source Files</Filter>
    </ClCompile>
    <ClCompile Include="src\Patterns\Single\AdvancedPattern.cpp">
      <Filter>Source Files</Filter>
    </ClCompile>
    <ClCompile Include="src\Patterns\Single\BasicPattern.cpp">
      <Filter>Source Files</Filter>
    </ClCompile>
    <ClCompile Include="src\Patterns\Single\BlendPattern.cpp">
      <Filter>Source Files</Filter>
    </ClCompile>
    <ClCompile Include="src\Patterns\Single\BracketsPattern.cpp">
      <Filter>Source Files</Filter>
    </ClCompile>
    <ClCompile Include="src\Patterns\Single\ComplementaryBlendPattern.cpp">
      <Filter>Source Files</Filter>
    </ClCompile>
    <ClCompile Include="src\Patterns\Single\DashDopsPattern.cpp">
      <Filter>Source Files</Filter>
    </ClCompile>
    <ClCompile Include="src\Patterns\Single\SingleLedPattern.cpp">
      <Filter>Source Files</Filter>
    </ClCompile>
    <ClCompile Include="src\Patterns\Single\SolidPattern.cpp">
      <Filter>Source Files</Filter>
    </ClCompile>
    <ClCompile Include="src\Patterns\Single\TracerPattern.cpp">
      <Filter>Source Files</Filter>
    </ClCompile>
    <ClCompile Include="src\Patterns\Pattern.cpp">
      <Filter>Source Files</Filter>
    </ClCompile>
    <ClCompile Include="src\Patterns\PatternArgs.cpp">
      <Filter>Source Files</Filter>
    </ClCompile>
    <ClCompile Include="src\Patterns\PatternBuilder.cpp">
      <Filter>Source Files</Filter>
    </ClCompile>
    <ClCompile Include="src\Serial\BitStream.cpp">
      <Filter>Source Files</Filter>
    </ClCompile>
    <ClCompile Include="src\Serial\ByteStream.cpp">
      <Filter>Source Files</Filter>
    </ClCompile>
    <ClCompile Include="src\Serial\Compression.cpp">
      <Filter>Source Files</Filter>
    </ClCompile>
    <ClCompile Include="src\Serial\Serial.cpp">
      <Filter>Source Files</Filter>
    </ClCompile>
    <ClCompile Include="src\Storage\Storage.cpp">
      <Filter>Source Files</Filter>
    </ClCompile>
    <ClCompile Include="src\Time\TimeControl.cpp">
      <Filter>Source Files</Filter>
    </ClCompile>
    <ClCompile Include="src\Time\Timer.cpp">
      <Filter>Source Files</Filter>
    </ClCompile>
    <ClCompile Include="src\VortexEngine.cpp">
      <Filter>Source Files</Filter>
    </ClCompile>
    <ClCompile Include="VortexLib\EngineDependencies\Arduino.cpp">
      <Filter>Source Files</Filter>
    </ClCompile>
    <ClCompile Include="VortexLib\EngineWrapper.cpp">
      <Filter>Source Files</Filter>
    </ClCompile>
    <ClCompile Include="VortexLib\EngineDependencies\FastLED.cpp">
      <Filter>Source Files</Filter>
    </ClCompile>
    <ClCompile Include="VortexLib\EngineDependencies\FlashStorage.cpp">
      <Filter>Source Files</Filter>
    </ClCompile>
  </ItemGroup>
  <ItemGroup>
    <ClInclude Include="src\Buttons\Button.h">
      <Filter>Header Files</Filter>
    </ClInclude>
    <ClInclude Include="src\Buttons\Buttons.h">
      <Filter>Header Files</Filter>
    </ClInclude>
    <ClInclude Include="src\Colors\Colorset.h">
      <Filter>Header Files</Filter>
    </ClInclude>
    <ClInclude Include="src\Colors\ColorTypes.h">
      <Filter>Header Files</Filter>
    </ClInclude>
    <ClInclude Include="src\Infrared\IRConfig.h">
      <Filter>Header Files</Filter>
    </ClInclude>
    <ClInclude Include="src\Infrared\IRReceiver.h">
      <Filter>Header Files</Filter>
    </ClInclude>
    <ClInclude Include="src\Infrared\IRSender.h">
      <Filter>Header Files</Filter>
    </ClInclude>
    <ClInclude Include="src\Leds\Leds.h">
      <Filter>Header Files</Filter>
    </ClInclude>
    <ClInclude Include="src\Leds\LedStash.h">
      <Filter>Header Files</Filter>
    </ClInclude>
    <ClInclude Include="src\Leds\LedTypes.h">
      <Filter>Header Files</Filter>
    </ClInclude>
    <ClInclude Include="src\Log\Log.h">
      <Filter>Header Files</Filter>
    </ClInclude>
    <ClInclude Include="src\Memory\Memory.h">
      <Filter>Header Files</Filter>
    </ClInclude>
    <ClInclude Include="src\Menus\MenuList\ColorSelect.h">
      <Filter>Header Files</Filter>
    </ClInclude>
    <ClInclude Include="src\Menus\MenuList\EditorConnection.h">
      <Filter>Header Files</Filter>
    </ClInclude>
    <ClInclude Include="src\Menus\MenuList\FactoryReset.h">
      <Filter>Header Files</Filter>
    </ClInclude>
    <ClInclude Include="src\Menus\MenuList\GlobalBrightness.h">
      <Filter>Header Files</Filter>
    </ClInclude>
    <ClInclude Include="src\Menus\MenuList\ModeSharing.h">
      <Filter>Header Files</Filter>
    </ClInclude>
    <ClInclude Include="src\Menus\MenuList\PatternSelect.h">
      <Filter>Header Files</Filter>
    </ClInclude>
    <ClInclude Include="src\Menus\MenuList\Randomizer.h">
      <Filter>Header Files</Filter>
    </ClInclude>
    <ClInclude Include="src\Menus\Menu.h">
      <Filter>Header Files</Filter>
    </ClInclude>
    <ClInclude Include="src\Menus\Menus.h">
      <Filter>Header Files</Filter>
    </ClInclude>
    <ClInclude Include="src\Modes\DefaultModes.h">
      <Filter>Header Files</Filter>
    </ClInclude>
    <ClInclude Include="src\Modes\Mode.h">
      <Filter>Header Files</Filter>
    </ClInclude>
    <ClInclude Include="src\Modes\Modes.h">
      <Filter>Header Files</Filter>
    </ClInclude>
    <ClInclude Include="src\Patterns\Multi\Sequencer\ChaserPattern.h">
      <Filter>Header Files</Filter>
    </ClInclude>
    <ClInclude Include="src\Patterns\Multi\Sequencer\Sequence.h">
      <Filter>Header Files</Filter>
    </ClInclude>
    <ClInclude Include="src\Patterns\Multi\Sequencer\SequencedPattern.h">
      <Filter>Header Files</Filter>
    </ClInclude>
    <ClInclude Include="src\Patterns\Multi\BackStrobePattern.h">
      <Filter>Header Files</Filter>
    </ClInclude>
    <ClInclude Include="src\Patterns\Multi\BlinkStepPattern.h">
      <Filter>Header Files</Filter>
    </ClInclude>
    <ClInclude Include="src\Patterns\Multi\BouncePattern.h">
      <Filter>Header Files</Filter>
    </ClInclude>
    <ClInclude Include="src\Patterns\Multi\CrossDopsPattern.h">
      <Filter>Header Files</Filter>
    </ClInclude>
    <ClInclude Include="src\Patterns\Multi\DoubleStrobePattern.h">
      <Filter>Header Files</Filter>
    </ClInclude>
    <ClInclude Include="src\Patterns\Multi\DripMorphPattern.h">
      <Filter>Header Files</Filter>
    </ClInclude>
    <ClInclude Include="src\Patterns\Multi\DripPattern.h">
      <Filter>Header Files</Filter>
    </ClInclude>
    <ClInclude Include="src\Patterns\Multi\FillPattern.h">
      <Filter>Header Files</Filter>
    </ClInclude>
    <ClInclude Include="src\Patterns\Multi\FlowersPattern.h">
      <Filter>Header Files</Filter>
    </ClInclude>
    <ClInclude Include="src\Patterns\Multi\HueShiftPattern.h">
      <Filter>Header Files</Filter>
    </ClInclude>
    <ClInclude Include="src\Patterns\Multi\HybridPattern.h">
      <Filter>Header Files</Filter>
    </ClInclude>
    <ClInclude Include="src\Patterns\Multi\ImpactPattern.h">
      <Filter>Header Files</Filter>
    </ClInclude>
    <ClInclude Include="src\Patterns\Multi\JestPattern.h">
      <Filter>Header Files</Filter>
    </ClInclude>
    <ClInclude Include="src\Patterns\Multi\LighthousePattern.h">
      <Filter>Header Files</Filter>
    </ClInclude>
    <ClInclude Include="src\Patterns\Multi\MateriaPattern.h">
      <Filter>Header Files</Filter>
    </ClInclude>
    <ClInclude Include="src\Patterns\Multi\MeteorPattern.h">
      <Filter>Header Files</Filter>
    </ClInclude>
    <ClInclude Include="src\Patterns\Multi\MultiLedPattern.h">
      <Filter>Header Files</Filter>
    </ClInclude>
    <ClInclude Include="src\Patterns\Multi\PulsishPattern.h">
      <Filter>Header Files</Filter>
    </ClInclude>
    <ClInclude Include="src\Patterns\Multi\RabbitPattern.h">
      <Filter>Header Files</Filter>
    </ClInclude>
    <ClInclude Include="src\Patterns\Multi\SnowballPattern.h">
      <Filter>Header Files</Filter>
    </ClInclude>
    <ClInclude Include="src\Patterns\Multi\SparkleTracePattern.h">
      <Filter>Header Files</Filter>
    </ClInclude>
    <ClInclude Include="src\Patterns\Multi\SplitStrobiePattern.h">
      <Filter>Header Files</Filter>
    </ClInclude>
    <ClInclude Include="src\Patterns\Multi\TheaterChasePattern.h">
      <Filter>Header Files</Filter>
    </ClInclude>
    <ClInclude Include="src\Patterns\Multi\TipTopPattern.h">
      <Filter>Header Files</Filter>
    </ClInclude>
    <ClInclude Include="src\Patterns\Multi\VortexWipePattern.h">
      <Filter>Header Files</Filter>
    </ClInclude>
    <ClInclude Include="src\Patterns\Multi\WarpPattern.h">
      <Filter>Header Files</Filter>
    </ClInclude>
    <ClInclude Include="src\Patterns\Multi\WarpWormPattern.h">
      <Filter>Header Files</Filter>
    </ClInclude>
    <ClInclude Include="src\Patterns\Multi\ZigzagPattern.h">
      <Filter>Header Files</Filter>
    </ClInclude>
    <ClInclude Include="src\Patterns\Single\AdvancedPattern.h">
      <Filter>Header Files</Filter>
    </ClInclude>
    <ClInclude Include="src\Patterns\Single\BasicPattern.h">
      <Filter>Header Files</Filter>
    </ClInclude>
    <ClInclude Include="src\Patterns\Single\BlendPattern.h">
      <Filter>Header Files</Filter>
    </ClInclude>
    <ClInclude Include="src\Patterns\Single\BracketsPattern.h">
      <Filter>Header Files</Filter>
    </ClInclude>
    <ClInclude Include="src\Patterns\Single\ComplementaryBlendPattern.h">
      <Filter>Header Files</Filter>
    </ClInclude>
    <ClInclude Include="src\Patterns\Single\DashDopsPattern.h">
      <Filter>Header Files</Filter>
    </ClInclude>
    <ClInclude Include="src\Patterns\Single\SingleLedPattern.h">
      <Filter>Header Files</Filter>
    </ClInclude>
    <ClInclude Include="src\Patterns\Single\SolidPattern.h">
      <Filter>Header Files</Filter>
    </ClInclude>
    <ClInclude Include="src\Patterns\Single\TracerPattern.h">
      <Filter>Header Files</Filter>
    </ClInclude>
    <ClInclude Include="src\Patterns\Pattern.h">
      <Filter>Header Files</Filter>
    </ClInclude>
    <ClInclude Include="src\Patterns\PatternArgs.h">
      <Filter>Header Files</Filter>
    </ClInclude>
    <ClInclude Include="src\Patterns\PatternBuilder.h">
      <Filter>Header Files</Filter>
    </ClInclude>
    <ClInclude Include="src\Patterns\Patterns.h">
      <Filter>Header Files</Filter>
    </ClInclude>
    <ClInclude Include="src\Serial\BitStream.h">
      <Filter>Header Files</Filter>
    </ClInclude>
    <ClInclude Include="src\Serial\ByteStream.h">
      <Filter>Header Files</Filter>
    </ClInclude>
    <ClInclude Include="src\Serial\Compression.h">
      <Filter>Header Files</Filter>
    </ClInclude>
    <ClInclude Include="src\Serial\Serial.h">
      <Filter>Header Files</Filter>
    </ClInclude>
    <ClInclude Include="src\Storage\Storage.h">
      <Filter>Header Files</Filter>
    </ClInclude>
    <ClInclude Include="src\Time\TimeControl.h">
      <Filter>Header Files</Filter>
    </ClInclude>
    <ClInclude Include="src\Time\Timer.h">
      <Filter>Header Files</Filter>
    </ClInclude>
    <ClInclude Include="src\Time\Timings.h">
      <Filter>Header Files</Filter>
    </ClInclude>
    <ClInclude Include="src\VortexConfig.h">
      <Filter>Header Files</Filter>
    </ClInclude>
    <ClInclude Include="src\VortexEngine.h">
      <Filter>Header Files</Filter>
    </ClInclude>
    <ClInclude Include="VortexLib\EngineDependencies\Adafruit_Dotstar.h">
      <Filter>Header Files</Filter>
    </ClInclude>
    <ClInclude Include="VortexLib\EngineDependencies\Arduino.h">
      <Filter>Header Files</Filter>
    </ClInclude>
    <ClInclude Include="VortexLib\EngineWrapper.h">
      <Filter>Header Files</Filter>
    </ClInclude>
    <ClInclude Include="VortexLib\EngineDependencies\FastLED.h">
      <Filter>Header Files</Filter>
    </ClInclude>
    <ClInclude Include="VortexLib\EngineDependencies\FlashStorage.h">
      <Filter>Header Files</Filter>
    </ClInclude>
  </ItemGroup>
</Project>