<?xml version="1.0" encoding="utf-8"?>
<Project ToolsVersion="4.0" xmlns="http://schemas.microsoft.com/developer/msbuild/2003">
  <ItemGroup>
    <Filter Include="Source Files">
      <UniqueIdentifier>{4FC737F1-C7A5-4376-A066-2A32D752A2FF}</UniqueIdentifier>
      <Extensions>cpp;c;cc;cxx;c++;cppm;ixx;def;odl;idl;hpj;bat;asm;asmx</Extensions>
    </Filter>
    <Filter Include="Header Files">
      <UniqueIdentifier>{93995380-89BD-4b04-88EB-625FBE52EBFB}</UniqueIdentifier>
      <Extensions>h;hh;hpp;hxx;h++;hm;inl;inc;ipp;xsd</Extensions>
    </Filter>
    <Filter Include="Resource Files">
      <UniqueIdentifier>{67DA6AB6-F800-4c08-8B7A-83BB121AAD01}</UniqueIdentifier>
      <Extensions>rc;ico;cur;bmp;dlg;rc2;rct;bin;rgs;gif;jpg;jpeg;jpe;resx;tiff;tif;png;wav;mfcribbon-ms</Extensions>
    </Filter>
    <Filter Include="Header Files\Buttons">
      <UniqueIdentifier>{723d4e75-7793-4ddf-a023-ed6b9c5ec5a7}</UniqueIdentifier>
    </Filter>
    <Filter Include="Header Files\Colors">
      <UniqueIdentifier>{92329e32-c298-4612-a624-9a36aa7ed6ef}</UniqueIdentifier>
    </Filter>
    <Filter Include="Header Files\Leds">
      <UniqueIdentifier>{f7568e98-ef08-4a67-9030-c8bd47d19a7f}</UniqueIdentifier>
    </Filter>
    <Filter Include="Header Files\Log">
      <UniqueIdentifier>{dad6051f-8e41-4dbe-aa5c-b6c72b3a1a35}</UniqueIdentifier>
    </Filter>
    <Filter Include="Header Files\Memory">
      <UniqueIdentifier>{f0ab29bb-250c-4865-9d43-51752bf00dd2}</UniqueIdentifier>
    </Filter>
    <Filter Include="Header Files\Modes">
      <UniqueIdentifier>{1f458ae0-5e6d-400d-a78f-56759e57634c}</UniqueIdentifier>
    </Filter>
    <Filter Include="Header Files\VortexLib">
      <UniqueIdentifier>{31ae384b-702f-4482-8604-da0bf228986b}</UniqueIdentifier>
    </Filter>
    <Filter Include="Header Files\Patterns">
      <UniqueIdentifier>{f31fc02b-3d25-4b05-be83-c18738f075f9}</UniqueIdentifier>
    </Filter>
    <Filter Include="Header Files\Patterns\Single">
      <UniqueIdentifier>{3ef98a11-0ff7-4870-acca-19936e477c79}</UniqueIdentifier>
    </Filter>
    <Filter Include="Header Files\Serial">
      <UniqueIdentifier>{4fea9a6b-d677-4ab8-9a32-6fa6bcec417b}</UniqueIdentifier>
    </Filter>
    <Filter Include="Header Files\Storage">
      <UniqueIdentifier>{c80ded34-ceec-4870-95b6-9a3a490c0cbb}</UniqueIdentifier>
    </Filter>
    <Filter Include="Header Files\Time">
      <UniqueIdentifier>{52113650-a9a6-4755-ae02-6045a6fbfb7d}</UniqueIdentifier>
    </Filter>
    <Filter Include="Source Files\Buttons">
      <UniqueIdentifier>{b878b78c-9b07-4231-b8bc-b5165a3af808}</UniqueIdentifier>
    </Filter>
    <Filter Include="Source Files\Colors">
      <UniqueIdentifier>{985fa140-8070-4c8e-8ee3-30cd004f8280}</UniqueIdentifier>
    </Filter>
    <Filter Include="Source Files\Leds">
      <UniqueIdentifier>{7b92d454-723f-461a-8bcf-22ae6a4db4ef}</UniqueIdentifier>
    </Filter>
    <Filter Include="Source Files\Log">
      <UniqueIdentifier>{8fe62505-d16d-4703-b4cd-73c9cd8e7e1b}</UniqueIdentifier>
    </Filter>
    <Filter Include="Source Files\Memory">
      <UniqueIdentifier>{31512464-93e9-4b03-8324-eadb2e6f01dd}</UniqueIdentifier>
    </Filter>
    <Filter Include="Source Files\Modes">
      <UniqueIdentifier>{09bfdf79-8025-4de8-af42-a04e2b88f4c0}</UniqueIdentifier>
    </Filter>
    <Filter Include="Source Files\VortexLib">
      <UniqueIdentifier>{e66b31b4-84ff-40fb-9cac-1f550b5fb41b}</UniqueIdentifier>
    </Filter>
    <Filter Include="Source Files\Patterns">
      <UniqueIdentifier>{a6867a20-62de-46d8-8fbf-9216953d359e}</UniqueIdentifier>
    </Filter>
    <Filter Include="Source Files\Patterns\Single">
      <UniqueIdentifier>{f903f874-ed0f-4fa1-9c4a-333a904961cc}</UniqueIdentifier>
    </Filter>
    <Filter Include="Source Files\Serial">
      <UniqueIdentifier>{44def772-ccdf-4688-8608-66189d00c7ed}</UniqueIdentifier>
    </Filter>
    <Filter Include="Source Files\Storage">
      <UniqueIdentifier>{b17c26fd-c4bf-402e-ad19-e33f5ed1adc4}</UniqueIdentifier>
    </Filter>
    <Filter Include="Source Files\Time">
      <UniqueIdentifier>{5a6af467-4127-41b8-aad8-449d45a128da}</UniqueIdentifier>
    </Filter>
    <Filter Include="Header Files\VortexLib\EngineDependencies">
      <UniqueIdentifier>{c3a8c145-00b1-4f3a-885d-92b432c4fe93}</UniqueIdentifier>
    </Filter>
    <Filter Include="Source Files\VortexLib\EngineDependencies">
      <UniqueIdentifier>{0f3464ce-ff50-455a-b16c-7f86e6eb52c0}</UniqueIdentifier>
    </Filter>
  </ItemGroup>
  <ItemGroup>
    <ClCompile Include="src\VortexEngine.cpp">
      <Filter>Source Files</Filter>
    </ClCompile>
    <ClCompile Include="src\Buttons\Button.cpp">
      <Filter>Source Files\Buttons</Filter>
    </ClCompile>
    <ClCompile Include="src\Colors\Colorset.cpp">
      <Filter>Source Files\Colors</Filter>
    </ClCompile>
    <ClCompile Include="src\Colors\ColorTypes.cpp">
      <Filter>Source Files\Colors</Filter>
    </ClCompile>
    <ClCompile Include="src\Leds\Leds.cpp">
      <Filter>Source Files\Leds</Filter>
    </ClCompile>
    <ClCompile Include="src\Log\Log.cpp">
      <Filter>Source Files\Log</Filter>
    </ClCompile>
    <ClCompile Include="src\Memory\Memory.cpp">
      <Filter>Source Files\Memory</Filter>
    </ClCompile>
    <ClCompile Include="src\Modes\Mode.cpp">
      <Filter>Source Files\Modes</Filter>
    </ClCompile>
    <ClCompile Include="src\Patterns\Single\AdvancedPattern.cpp">
      <Filter>Source Files\Patterns\Single</Filter>
    </ClCompile>
    <ClCompile Include="src\Patterns\Single\BlendPattern.cpp">
      <Filter>Source Files\Patterns\Single</Filter>
    </ClCompile>
    <ClCompile Include="src\Patterns\Pattern.cpp">
      <Filter>Source Files\Patterns\Single</Filter>
    </ClCompile>
    <ClCompile Include="src\Patterns\PatternArgs.cpp">
      <Filter>Source Files\Patterns</Filter>
    </ClCompile>
    <ClCompile Include="src\Patterns\PatternBuilder.cpp">
      <Filter>Source Files\Patterns</Filter>
    </ClCompile>
    <ClCompile Include="src\Serial\ByteStream.cpp">
      <Filter>Source Files\Serial</Filter>
    </ClCompile>
    <ClCompile Include="src\Serial\Compression.cpp">
      <Filter>Source Files\Serial</Filter>
    </ClCompile>
    <ClCompile Include="src\Serial\Serial.cpp">
      <Filter>Source Files\Serial</Filter>
    </ClCompile>
    <ClCompile Include="src\Storage\Storage.cpp">
      <Filter>Source Files\Storage</Filter>
    </ClCompile>
    <ClCompile Include="src\Time\TimeControl.cpp">
      <Filter>Source Files\Time</Filter>
    </ClCompile>
    <ClCompile Include="src\Time\Timer.cpp">
      <Filter>Source Files\Time</Filter>
    </ClCompile>
    <ClCompile Include="VortexLib\VortexLib.cpp">
      <Filter>Source Files\VortexLib</Filter>
    </ClCompile>
    <ClCompile Include="VortexLib\EngineDependencies\Arduino.cpp">
      <Filter>Source Files\VortexLib\EngineDependencies</Filter>
    </ClCompile>
    <ClCompile Include="VortexLib\EngineDependencies\FastLED.cpp">
      <Filter>Source Files\VortexLib\EngineDependencies</Filter>
    </ClCompile>
    <ClCompile Include="VortexLib\EngineDependencies\FlashStorage.cpp">
      <Filter>Source Files\VortexLib\EngineDependencies</Filter>
    </ClCompile>
    <ClCompile Include="VortexLib\EngineDependencies\tinyNeoPixel_Static.cpp">
      <Filter>Source Files</Filter>
    </ClCompile>
    <ClCompile Include="src\Modes\Modes.cpp">
      <Filter>Source Files</Filter>
    </ClCompile>
    <ClCompile Include="src\Modes\DefaultModes.cpp">
      <Filter>Source Files</Filter>
    </ClCompile>
  </ItemGroup>
  <ItemGroup>
    <ClInclude Include="src\VortexConfig.h">
      <Filter>Header Files</Filter>
    </ClInclude>
    <ClInclude Include="src\VortexEngine.h">
      <Filter>Header Files</Filter>
    </ClInclude>
    <ClInclude Include="src\Buttons\Button.h">
      <Filter>Header Files\Buttons</Filter>
    </ClInclude>
    <ClInclude Include="src\Colors\Colorset.h">
      <Filter>Header Files\Colors</Filter>
    </ClInclude>
    <ClInclude Include="src\Colors\ColorTypes.h">
      <Filter>Header Files\Colors</Filter>
    </ClInclude>
    <ClInclude Include="src\Leds\Leds.h">
      <Filter>Header Files\Leds</Filter>
    </ClInclude>
    <ClInclude Include="src\Leds\LedTypes.h">
      <Filter>Header Files\Leds</Filter>
    </ClInclude>
    <ClInclude Include="src\Log\Log.h">
      <Filter>Header Files\Log</Filter>
    </ClInclude>
    <ClInclude Include="src\Memory\Memory.h">
      <Filter>Header Files\Memory</Filter>
    </ClInclude>
    <ClInclude Include="src\Modes\Mode.h">
      <Filter>Header Files\Modes</Filter>
    </ClInclude>
    <ClInclude Include="src\Patterns\Single\AdvancedPattern.h">
      <Filter>Header Files\Patterns\Single</Filter>
    </ClInclude>
    <ClInclude Include="src\Patterns\Single\BlendPattern.h">
      <Filter>Header Files\Patterns\Single</Filter>
    </ClInclude>
    <ClInclude Include="src\Patterns\Pattern.h">
      <Filter>Header Files\Patterns</Filter>
    </ClInclude>
    <ClInclude Include="src\Patterns\Patterns.h">
      <Filter>Header Files\Patterns</Filter>
    </ClInclude>
    <ClInclude Include="src\Patterns\PatternArgs.h">
      <Filter>Header Files\Patterns</Filter>
    </ClInclude>
    <ClInclude Include="src\Patterns\PatternBuilder.h">
      <Filter>Header Files\Patterns</Filter>
    </ClInclude>
    <ClInclude Include="src\Serial\ByteStream.h">
      <Filter>Header Files\Serial</Filter>
    </ClInclude>
    <ClInclude Include="src\Serial\Compression.h">
      <Filter>Header Files\Serial</Filter>
    </ClInclude>
    <ClInclude Include="src\Serial\Serial.h">
      <Filter>Header Files\Serial</Filter>
    </ClInclude>
    <ClInclude Include="src\Storage\Storage.h">
      <Filter>Header Files\Storage</Filter>
    </ClInclude>
    <ClInclude Include="src\Time\TimeControl.h">
      <Filter>Header Files\Time</Filter>
    </ClInclude>
    <ClInclude Include="src\Time\Timer.h">
      <Filter>Header Files\Time</Filter>
    </ClInclude>
    <ClInclude Include="src\Time\Timings.h">
      <Filter>Header Files\Time</Filter>
    </ClInclude>
    <ClInclude Include="VortexLib\VortexLib.h">
      <Filter>Header Files\VortexLib</Filter>
    </ClInclude>
    <ClInclude Include="VortexLib\EngineDependencies\Adafruit_Dotstar.h">
      <Filter>Header Files\VortexLib\EngineDependencies</Filter>
    </ClInclude>
    <ClInclude Include="VortexLib\EngineDependencies\Arduino.h">
      <Filter>Header Files\VortexLib\EngineDependencies</Filter>
    </ClInclude>
    <ClInclude Include="VortexLib\EngineDependencies\FastLED.h">
      <Filter>Header Files\VortexLib\EngineDependencies</Filter>
    </ClInclude>
    <ClInclude Include="VortexLib\EngineDependencies\FlashStorage.h">
      <Filter>Header Files\VortexLib\EngineDependencies</Filter>
    </ClInclude>
    <ClInclude Include="VortexLib\EngineDependencies\tinyNeoPixel_Static.h">
      <Filter>Header Files\VortexLib\EngineDependencies</Filter>
    </ClInclude>
    <ClInclude Include="src\Modes\Modes.h">
      <Filter>Header Files</Filter>
    </ClInclude>
    <ClInclude Include="src\Modes\DefaultModes.h">
      <Filter>Header Files</Filter>
    </ClInclude>
  </ItemGroup>
</Project>